
Microsoft Visual Studio Solution File, Format Version 12.00
# Visual Studio Version 17
VisualStudioVersion = 17.7.34031.279
MinimumVisualStudioVersion = 10.0.40219.1
Project("{9A19103F-16F7-4668-BE54-9A1E7A4F7556}") = "EFCore.AutomaticMigrations", "EFCore.AutomaticMigrations.csproj", "{789A0675-2ED5-4C9A-A838-A9CD1B18DE34}"
EndProject
Global
	GlobalSection(SolutionConfigurationPlatforms) = preSolution
		Debug|Any CPU = Debug|Any CPU
		Release|Any CPU = Release|Any CPU
	EndGlobalSection
	GlobalSection(ProjectConfigurationPlatforms) = postSolution
		{789A0675-2ED5-4C9A-A838-A9CD1B18DE34}.Debug|Any CPU.ActiveCfg = Debug|Any CPU
		{789A0675-2ED5-4C9A-A838-A9CD1B18DE34}.Debug|Any CPU.Build.0 = Debug|Any CPU
		{789A0675-2ED5-4C9A-A838-A9CD1B18DE34}.Release|Any CPU.ActiveCfg = Release|Any CPU
		{789A0675-2ED5-4C9A-A838-A9CD1B18DE34}.Release|Any CPU.Build.0 = Release|Any CPU
	EndGlobalSection
	GlobalSection(SolutionProperties) = preSolution
		HideSolutionNode = FALSE
	EndGlobalSection
	GlobalSection(ExtensibilityGlobals) = postSolution
		SolutionGuid = {84F52569-A853-4083-817E-9302C9459EB4}
	EndGlobalSection
EndGlobal
